
Microsoft Visual Studio Solution File, Format Version 12.00
# Visual Studio Version 17
VisualStudioVersion = 17.11.35327.3
MinimumVisualStudioVersion = 10.0.40219.1
Project("{FAE04EC0-301F-11D3-BF4B-00C04F79EFBC}") = "krestikiinoliki", "krestikiinoliki.csproj", "{59C2C2A6-9DF5-4535-9467-2EC8CE4E3A01}"
EndProject
Global
	GlobalSection(SolutionConfigurationPlatforms) = preSolution
		Debug|Any CPU = Debug|Any CPU
		Release|Any CPU = Release|Any CPU
	EndGlobalSection
	GlobalSection(ProjectConfigurationPlatforms) = postSolution
		{59C2C2A6-9DF5-4535-9467-2EC8CE4E3A01}.Debug|Any CPU.ActiveCfg = Debug|Any CPU
		{59C2C2A6-9DF5-4535-9467-2EC8CE4E3A01}.Debug|Any CPU.Build.0 = Debug|Any CPU
		{59C2C2A6-9DF5-4535-9467-2EC8CE4E3A01}.Release|Any CPU.ActiveCfg = Release|Any CPU
		{59C2C2A6-9DF5-4535-9467-2EC8CE4E3A01}.Release|Any CPU.Build.0 = Release|Any CPU
	EndGlobalSection
	GlobalSection(SolutionProperties) = preSolution
		HideSolutionNode = FALSE
	EndGlobalSection
	GlobalSection(ExtensibilityGlobals) = postSolution
		SolutionGuid = {100E4394-9551-4764-8EBB-4F282C30BDDE}
	EndGlobalSection
EndGlobal
